
Microsoft Visual Studio Solution File, Format Version 12.00
# Visual Studio Version 17
VisualStudioVersion = 17.4.33213.308
MinimumVisualStudioVersion = 10.0.40219.1
Project("{FAE04EC0-301F-11D3-BF4B-00C04F79EFBC}") = "JmeterCLIDemo", "JmeterCLIDemo\JmeterCLIDemo.csproj", "{83D209D9-6491-4291-B9BA-C52BB51543E4}"
EndProject
Global
	GlobalSection(SolutionConfigurationPlatforms) = preSolution
		Debug|Any CPU = Debug|Any CPU
		Release|Any CPU = Release|Any CPU
	EndGlobalSection
	GlobalSection(ProjectConfigurationPlatforms) = postSolution
		{83D209D9-6491-4291-B9BA-C52BB51543E4}.Debug|Any CPU.ActiveCfg = Debug|Any CPU
		{83D209D9-6491-4291-B9BA-C52BB51543E4}.Debug|Any CPU.Build.0 = Debug|Any CPU
		{83D209D9-6491-4291-B9BA-C52BB51543E4}.Release|Any CPU.ActiveCfg = Release|Any CPU
		{83D209D9-6491-4291-B9BA-C52BB51543E4}.Release|Any CPU.Build.0 = Release|Any CPU
	EndGlobalSection
	GlobalSection(SolutionProperties) = preSolution
		HideSolutionNode = FALSE
	EndGlobalSection
	GlobalSection(ExtensibilityGlobals) = postSolution
		SolutionGuid = {57BFEED6-8F45-4591-B8CC-1B5D76ACB8BC}
	EndGlobalSection
EndGlobal
